
Microsoft Visual Studio Solution File, Format Version 12.00
# Visual Studio Version 16
VisualStudioVersion = 16.0.31702.278
MinimumVisualStudioVersion = 10.0.40219.1
Project("{FAE04EC0-301F-11D3-BF4B-00C04F79EFBC}") = "WebProgramlama", "WebProgramlama\WebProgramlama.csproj", "{80B48351-6DDF-4543-AA70-C93E2A7F273C}"
EndProject
Project("{FAE04EC0-301F-11D3-BF4B-00C04F79EFBC}") = "EntityLayer", "EntityLayer\EntityLayer.csproj", "{CA208CA6-C9F5-4756-BA50-AD2D3A66E226}"
EndProject
Project("{FAE04EC0-301F-11D3-BF4B-00C04F79EFBC}") = "DataAccesLayer", "DataAccesLayer\DataAccesLayer.csproj", "{2253EF9E-73F6-47C5-953E-C19076843B66}"
EndProject
Project("{FAE04EC0-301F-11D3-BF4B-00C04F79EFBC}") = "BusinessLayer", "BusinessLayer\BusinessLayer.csproj", "{6ABEA202-6E0F-4480-ADA1-63D8078CC788}"
EndProject
Global
	GlobalSection(SolutionConfigurationPlatforms) = preSolution
		Debug|Any CPU = Debug|Any CPU
		Release|Any CPU = Release|Any CPU
	EndGlobalSection
	GlobalSection(ProjectConfigurationPlatforms) = postSolution
		{80B48351-6DDF-4543-AA70-C93E2A7F273C}.Debug|Any CPU.ActiveCfg = Debug|Any CPU
		{80B48351-6DDF-4543-AA70-C93E2A7F273C}.Debug|Any CPU.Build.0 = Debug|Any CPU
		{80B48351-6DDF-4543-AA70-C93E2A7F273C}.Release|Any CPU.ActiveCfg = Release|Any CPU
		{80B48351-6DDF-4543-AA70-C93E2A7F273C}.Release|Any CPU.Build.0 = Release|Any CPU
		{CA208CA6-C9F5-4756-BA50-AD2D3A66E226}.Debug|Any CPU.ActiveCfg = Debug|Any CPU
		{CA208CA6-C9F5-4756-BA50-AD2D3A66E226}.Debug|Any CPU.Build.0 = Debug|Any CPU
		{CA208CA6-C9F5-4756-BA50-AD2D3A66E226}.Release|Any CPU.ActiveCfg = Release|Any CPU
		{CA208CA6-C9F5-4756-BA50-AD2D3A66E226}.Release|Any CPU.Build.0 = Release|Any CPU
		{2253EF9E-73F6-47C5-953E-C19076843B66}.Debug|Any CPU.ActiveCfg = Debug|Any CPU
		{2253EF9E-73F6-47C5-953E-C19076843B66}.Debug|Any CPU.Build.0 = Debug|Any CPU
		{2253EF9E-73F6-47C5-953E-C19076843B66}.Release|Any CPU.ActiveCfg = Release|Any CPU
		{2253EF9E-73F6-47C5-953E-C19076843B66}.Release|Any CPU.Build.0 = Release|Any CPU
		{6ABEA202-6E0F-4480-ADA1-63D8078CC788}.Debug|Any CPU.ActiveCfg = Debug|Any CPU
		{6ABEA202-6E0F-4480-ADA1-63D8078CC788}.Debug|Any CPU.Build.0 = Debug|Any CPU
		{6ABEA202-6E0F-4480-ADA1-63D8078CC788}.Release|Any CPU.ActiveCfg = Release|Any CPU
		{6ABEA202-6E0F-4480-ADA1-63D8078CC788}.Release|Any CPU.Build.0 = Release|Any CPU
	EndGlobalSection
	GlobalSection(SolutionProperties) = preSolution
		HideSolutionNode = FALSE
	EndGlobalSection
	GlobalSection(ExtensibilityGlobals) = postSolution
		SolutionGuid = {87755CAE-3C42-4B75-B6CB-AC9E2DE1F9FE}
	EndGlobalSection
EndGlobal
